
Microsoft Visual Studio Solution File, Format Version 12.00
# Visual Studio Version 17
VisualStudioVersion = 17.5.002.0
MinimumVisualStudioVersion = 10.0.40219.1
Project("{9A19103F-16F7-4668-BE54-9A1E7A4F7556}") = "dataBase", "dataBase\dataBase.csproj", "{810230A6-B352-4265-A413-DF979B8837A7}"
EndProject
Global
	GlobalSection(SolutionConfigurationPlatforms) = preSolution
		Debug|Any CPU = Debug|Any CPU
		Release|Any CPU = Release|Any CPU
	EndGlobalSection
	GlobalSection(ProjectConfigurationPlatforms) = postSolution
		{810230A6-B352-4265-A413-DF979B8837A7}.Debug|Any CPU.ActiveCfg = Debug|Any CPU
		{810230A6-B352-4265-A413-DF979B8837A7}.Debug|Any CPU.Build.0 = Debug|Any CPU
		{810230A6-B352-4265-A413-DF979B8837A7}.Release|Any CPU.ActiveCfg = Release|Any CPU
		{810230A6-B352-4265-A413-DF979B8837A7}.Release|Any CPU.Build.0 = Release|Any CPU
	EndGlobalSection
	GlobalSection(SolutionProperties) = preSolution
		HideSolutionNode = FALSE
	EndGlobalSection
	GlobalSection(ExtensibilityGlobals) = postSolution
		SolutionGuid = {B74E2A10-3E85-4B48-8D62-52B6338B3524}
	EndGlobalSection
EndGlobal
